
Microsoft Visual Studio Solution File, Format Version 12.00
# Visual Studio Version 17
VisualStudioVersion = 17.0.32014.148
MinimumVisualStudioVersion = 10.0.40219.1
Project("{FAE04EC0-301F-11D3-BF4B-00C04F79EFBC}") = "MinhaAPI", "MinhaAPI.csproj", "{1937F57D-CE32-45A2-9443-5566A80E3B29}"
EndProject
Global
	GlobalSection(SolutionConfigurationPlatforms) = preSolution
		Debug|Any CPU = Debug|Any CPU
		Release|Any CPU = Release|Any CPU
	EndGlobalSection
	GlobalSection(ProjectConfigurationPlatforms) = postSolution
		{1937F57D-CE32-45A2-9443-5566A80E3B29}.Debug|Any CPU.ActiveCfg = Debug|Any CPU
		{1937F57D-CE32-45A2-9443-5566A80E3B29}.Debug|Any CPU.Build.0 = Debug|Any CPU
		{1937F57D-CE32-45A2-9443-5566A80E3B29}.Release|Any CPU.ActiveCfg = Release|Any CPU
		{1937F57D-CE32-45A2-9443-5566A80E3B29}.Release|Any CPU.Build.0 = Release|Any CPU
	EndGlobalSection
	GlobalSection(SolutionProperties) = preSolution
		HideSolutionNode = FALSE
	EndGlobalSection
	GlobalSection(ExtensibilityGlobals) = postSolution
		SolutionGuid = {5563541B-B4B1-4064-A0F8-1A23342E9888}
	EndGlobalSection
EndGlobal
