
Microsoft Visual Studio Solution File, Format Version 12.00
# Visual Studio Version 17
VisualStudioVersion = 17.0.32014.148
MinimumVisualStudioVersion = 10.0.40219.1
Project("{9A19103F-16F7-4668-BE54-9A1E7A4F7556}") = "DevIO.Business", "src\DevIO.Business\DevIO.Business.csproj", "{584D8FCF-63CD-4B20-9826-583F69B91036}"
EndProject
Project("{9A19103F-16F7-4668-BE54-9A1E7A4F7556}") = "DevIO.Data", "src\DevIO.Data\DevIO.Data.csproj", "{598A16CB-B27E-4F2C-9DF0-342892F58E8E}"
EndProject
Project("{FAE04EC0-301F-11D3-BF4B-00C04F79EFBC}") = "DevIo.Api", "src\DevIo.Api\DevIo.Api.csproj", "{F53E47B5-6F8D-4B17-9C92-CBE4C03F03D6}"
EndProject
Global
	GlobalSection(SolutionConfigurationPlatforms) = preSolution
		Debug|Any CPU = Debug|Any CPU
		Release|Any CPU = Release|Any CPU
	EndGlobalSection
	GlobalSection(ProjectConfigurationPlatforms) = postSolution
		{584D8FCF-63CD-4B20-9826-583F69B91036}.Debug|Any CPU.ActiveCfg = Debug|Any CPU
		{584D8FCF-63CD-4B20-9826-583F69B91036}.Debug|Any CPU.Build.0 = Debug|Any CPU
		{584D8FCF-63CD-4B20-9826-583F69B91036}.Release|Any CPU.ActiveCfg = Release|Any CPU
		{584D8FCF-63CD-4B20-9826-583F69B91036}.Release|Any CPU.Build.0 = Release|Any CPU
		{598A16CB-B27E-4F2C-9DF0-342892F58E8E}.Debug|Any CPU.ActiveCfg = Debug|Any CPU
		{598A16CB-B27E-4F2C-9DF0-342892F58E8E}.Debug|Any CPU.Build.0 = Debug|Any CPU
		{598A16CB-B27E-4F2C-9DF0-342892F58E8E}.Release|Any CPU.ActiveCfg = Release|Any CPU
		{598A16CB-B27E-4F2C-9DF0-342892F58E8E}.Release|Any CPU.Build.0 = Release|Any CPU
		{F53E47B5-6F8D-4B17-9C92-CBE4C03F03D6}.Debug|Any CPU.ActiveCfg = Debug|Any CPU
		{F53E47B5-6F8D-4B17-9C92-CBE4C03F03D6}.Debug|Any CPU.Build.0 = Debug|Any CPU
		{F53E47B5-6F8D-4B17-9C92-CBE4C03F03D6}.Release|Any CPU.ActiveCfg = Release|Any CPU
		{F53E47B5-6F8D-4B17-9C92-CBE4C03F03D6}.Release|Any CPU.Build.0 = Release|Any CPU
	EndGlobalSection
	GlobalSection(SolutionProperties) = preSolution
		HideSolutionNode = FALSE
	EndGlobalSection
	GlobalSection(ExtensibilityGlobals) = postSolution
		SolutionGuid = {5B004059-6ABB-4947-95DA-772D42E90840}
	EndGlobalSection
EndGlobal
